// !$*UTF8*$!
{
	archiveVersion = 1;
	classes = {
	};
	objectVersion = 56;
	objects = {

/* Begin PBXBuildFile section */
		B495E53528DAC1C800D370BB /* CoreLocationSwiftUITutorialApp.swift in Sources */ = {isa = PBXBuildFile; fileRef = B495E53428DAC1C800D370BB /* CoreLocationSwiftUITutorialApp.swift */; };
		B495E53728DAC1C800D370BB /* ContentView.swift in Sources */ = {isa = PBXBuildFile; fileRef = B495E53628DAC1C800D370BB /* ContentView.swift */; };
		B495E53928DAC1C900D370BB /* Assets.xcassets in Resources */ = {isa = PBXBuildFile; fileRef = B495E53828DAC1C900D370BB /* Assets.xcassets */; };
		B495E53C28DAC1C900D370BB /* Preview Assets.xcassets in Resources */ = {isa = PBXBuildFile; fileRef = B495E53B28DAC1C900D370BB /* Preview Assets.xcassets */; };
		B495E54328DB38DC00D370BB /* LocationDataManager.swift in Sources */ = {isa = PBXBuildFile; fileRef = B495E54228DB38DC00D370BB /* LocationDataManager.swift */; };
/* End PBXBuildFile section */

/* Begin PBXFileReference section */
		B495E53128DAC1C800D370BB /* CoreLocationSwiftUITutorial.app */ = {isa = PBXFileReference; explicitFileType = wrapper.application; includeInIndex = 0; path = CoreLocationSwiftUITutorial.app; sourceTree = BUILT_PRODUCTS_DIR; };
		B495E53428DAC1C800D370BB /* CoreLocationSwiftUITutorialApp.swift */ = {isa = PBXFileReference; lastKnownFileType = sourcecode.swift; path = CoreLocationSwiftUITutorialApp.swift; sourceTree = "<group>"; };
		B495E53628DAC1C800D370BB /* ContentView.swift */ = {isa = PBXFileReference; lastKnownFileType = sourcecode.swift; path = ContentView.swift; sourceTree = "<group>"; };
		B495E53828DAC1C900D370BB /* Assets.xcassets */ = {isa = PBXFileReference; lastKnownFileType = folder.assetcatalog; path = Assets.xcassets; sourceTree = "<group>"; };
		B495E53B28DAC1C900D370BB /* Preview Assets.xcassets */ = {isa = PBXFileReference; lastKnownFileType = folder.assetcatalog; path = "Preview Assets.xcassets"; sourceTree = "<group>"; };
		B495E54228DB38DC00D370BB /* LocationDataManager.swift */ = {isa = PBXFileReference; lastKnownFileType = sourcecode.swift; path = LocationDataManager.swift; sourceTree = "<group>"; };
		B495E54428DB42C900D370BB /* Info.plist */ = {isa = PBXFileReference; lastKnownFileType = text.plist; path = Info.plist; sourceTree = "<group>"; };
/* End PBXFileReference section */

/* Begin PBXFrameworksBuildPhase section */
		B495E52E28DAC1C800D370BB /* Frameworks */ = {
			isa = PBXFrameworksBuildPhase;
			buildActionMask = 2147483647;
			files = (
			);
			runOnlyForDeploymentPostprocessing = 0;
		};
/* End PBXFrameworksBuildPhase section */

/* Begin PBXGroup section */
		B495E52828DAC1C800D370BB = {
			isa = PBXGroup;
			children = (
				B495E53328DAC1C800D370BB /* CoreLocationSwiftUITutorial */,
				B495E53228DAC1C800D370BB /* Products */,
			);
			sourceTree = "<group>";
		};
		B495E53228DAC1C800D370BB /* Products */ = {
			isa = PBXGroup;
			children = (
				B495E53128DAC1C800D370BB /* CoreLocationSwiftUITutorial.app */,
			);
			name = Products;
			sourceTree = "<group>";
		};
		B495E53328DAC1C800D370BB /* CoreLocationSwiftUITutorial */ = {
			isa = PBXGroup;
			children = (
				B495E54428DB42C900D370BB /* Info.plist */,
				B495E53428DAC1C800D370BB /* CoreLocationSwiftUITutorialApp.swift */,
				B495E53628DAC1C800D370BB /* ContentView.swift */,
				B495E54228DB38DC00D370BB /* LocationDataManager.swift */,
				B495E53828DAC1C900D370BB /* Assets.xcassets */,
				B495E53A28DAC1C900D370BB /* Preview Content */,
			);
			path = CoreLocationSwiftUITutorial;
			sourceTree = "<group>";
		};
		B495E53A28DAC1C900D370BB /* Preview Content */ = {
			isa = PBXGroup;
			children = (
				B495E53B28DAC1C900D370BB /* Preview Assets.xcassets */,
			);
			path = "Preview Content";
			sourceTree = "<group>";
		};
/* End PBXGroup section */

/* Begin PBXNativeTarget section */
		B495E53028DAC1C800D370BB /* CoreLocationSwiftUITutorial */ = {
			isa = PBXNativeTarget;
			buildConfigurationList = B495E53F28DAC1C900D370BB /* Build configuration list for PBXNativeTarget "CoreLocationSwiftUITutorial" */;
			buildPhases = (
				B495E52D28DAC1C800D370BB /* Sources */,
				B495E52E28DAC1C800D370BB /* Frameworks */,
				B495E52F28DAC1C800D370BB /* Resources */,
			);
			buildRules = (
			);
			dependencies = (
			);
			name = CoreLocationSwiftUITutorial;
			productName = CoreLocationSwiftUITutorial;
			productReference = B495E53128DAC1C800D370BB /* CoreLocationSwiftUITutorial.app */;
			productType = "com.apple.product-type.application";
		};
/* End PBXNativeTarget section */

/* Begin PBXProject section */
		B495E52928DAC1C800D370BB /* Project object */ = {
			isa = PBXProject;
			attributes = {
				BuildIndependentTargetsInParallel = 1;
				LastSwiftUpdateCheck = 1400;
				LastUpgradeCheck = 1400;
				TargetAttributes = {
					B495E53028DAC1C800D370BB = {
						CreatedOnToolsVersion = 14.0;
					};
				};
			};
			buildConfigurationList = B495E52C28DAC1C800D370BB /* Build configuration list for PBXProject "CoreLocationSwiftUITutorial" */;
			compatibilityVersion = "Xcode 14.0";
			developmentRegion = en;
			hasScannedForEncodings = 0;
			knownRegions = (
				en,
				Base,
			);
			mainGroup = B495E52828DAC1C800D370BB;
			productRefGroup = B495E53228DAC1C800D370BB /* Products */;
			projectDirPath = "";
			projectRoot = "";
			targets = (
				B495E53028DAC1C800D370BB /* CoreLocationSwiftUITutorial */,
			);
		};
/* End PBXProject section */

/* Begin PBXResourcesBuildPhase section */
		B495E52F28DAC1C800D370BB /* Resources */ = {
			isa = PBXResourcesBuildPhase;
			buildActionMask = 2147483647;
			files = (
				B495E53C28DAC1C900D370BB /* Preview Assets.xcassets in Resources */,
				B495E53928DAC1C900D370BB /* Assets.xcassets in Resources */,
			);
			runOnlyForDeploymentPostprocessing = 0;
		};
/* End PBXResourcesBuildPhase section */

/* Begin PBXSourcesBuildPhase section */
		B495E52D28DAC1C800D370BB /* Sources */ = {
			isa = PBXSourcesBuildPhase;
			buildActionMask = 2147483647;
			files = (
				B495E53728DAC1C800D370BB /* ContentView.swift in Sources */,
				B495E54328DB38DC00D370BB /* LocationDataManager.swift in Sources */,
				B495E53528DAC1C800D370BB /* CoreLocationSwiftUITutorialApp.swift in Sources */,
			);
			runOnlyForDeploymentPostprocessing = 0;
		};
/* End PBXSourcesBuildPhase section */

/* Begin XCBuildConfiguration section */
		B495E53D28DAC1C900D370BB /* Debug */ = {
			isa = XCBuildConfiguration;
			buildSettings = {
				ALWAYS_SEARCH_USER_PATHS = NO;
				CLANG_ANALYZER_NONNULL = YES;
				CLANG_ANALYZER_NUMBER_OBJECT_CONVERSION = YES_AGGRESSIVE;
				CLANG_CXX_LANGUAGE_STANDARD = "gnu++20";
				CLANG_ENABLE_MODULES = YES;
				CLANG_ENABLE_OBJC_ARC = YES;
				CLANG_ENABLE_OBJC_WEAK = YES;
				CLANG_WARN_BLOCK_CAPTURE_AUTORELEASING = YES;
				CLANG_WARN_BOOL_CONVERSION = YES;
				CLANG_WARN_COMMA = YES;
				CLANG_WARN_CONSTANT_CONVERSION = YES;
				CLANG_WARN_DEPRECATED_OBJC_IMPLEMENTATIONS = YES;
				CLANG_WARN_DIRECT_OBJC_ISA_USAGE = YES_ERROR;
				CLANG_WARN_DOCUMENTATION_COMMENTS = YES;
				CLANG_WARN_EMPTY_BODY = YES;
				CLANG_WARN_ENUM_CONVERSION = YES;
				CLANG_WARN_INFINITE_RECURSION = YES;
				CLANG_WARN_INT_CONVERSION = YES;
				CLANG_WARN_NON_LITERAL_NULL_CONVERSION = YES;
				CLANG_WARN_OBJC_IMPLICIT_RETAIN_SELF = YES;
				CLANG_WARN_OBJC_LITERAL_CONVERSION = YES;
				CLANG_WARN_OBJC_ROOT_CLASS = YES_ERROR;
				CLANG_WARN_QUOTED_INCLUDE_IN_FRAMEWORK_HEADER = YES;
				CLANG_WARN_RANGE_LOOP_ANALYSIS = YES;
				CLANG_WARN_STRICT_PROTOTYPES = YES;
				CLANG_WARN_SUSPICIOUS_MOVE = YES;
				CLANG_WARN_UNGUARDED_AVAILABILITY = YES_AGGRESSIVE;
				CLANG_WARN_UNREACHABLE_CODE = YES;
				CLANG_WARN__DUPLICATE_METHOD_MATCH = YES;
				COPY_PHASE_STRIP = NO;
				DEBUG_INFORMATION_FORMAT = dwarf;
				ENABLE_STRICT_OBJC_MSGSEND = YES;
				ENABLE_TESTABILITY = YES;
				GCC_C_LANGUAGE_STANDARD = gnu11;
				GCC_DYNAMIC_NO_PIC = NO;
				GCC_NO_COMMON_BLOCKS = YES;
				GCC_OPTIMIZATION_LEVEL = 0;
				GCC_PREPROCESSOR_DEFINITIONS = (
					"DEBUG=1",
					"$(inherited)",
				);
				GCC_WARN_64_TO_32_BIT_CONVERSION = YES;
				GCC_WARN_ABOUT_RETURN_TYPE = YES_ERROR;
				GCC_WARN_UNDECLARED_SELECTOR = YES;
				GCC_WARN_UNINITIALIZED_AUTOS = YES_AGGRESSIVE;
				GCC_WARN_UNUSED_FUNCTION = YES;
				GCC_WARN_UNUSED_VARIABLE = YES;
				IPHONEOS_DEPLOYMENT_TARGET = 16.0;
				MTL_ENABLE_DEBUG_INFO = INCLUDE_SOURCE;
				MTL_FAST_MATH = YES;
				ONLY_ACTIVE_ARCH = YES;
				SDKROOT = iphoneos;
				SWIFT_ACTIVE_COMPILATION_CONDITIONS = DEBUG;
				SWIFT_OPTIMIZATION_LEVEL = "-Onone";
			};
			name = Debug;
		};
		B495E53E28DAC1C900D370BB /* Release */ = {
			isa = XCBuildConfiguration;
			buildSettings = {
				ALWAYS_SEARCH_USER_PATHS = NO;
				CLANG_ANALYZER_NONNULL = YES;
				CLANG_ANALYZER_NUMBER_OBJECT_CONVERSION = YES_AGGRESSIVE;
				CLANG_CXX_LANGUAGE_STANDARD = "gnu++20";
				CLANG_ENABLE_MODULES = YES;
				CLANG_ENABLE_OBJC_ARC = YES;
				CLANG_ENABLE_OBJC_WEAK = YES;
				CLANG_WARN_BLOCK_CAPTURE_AUTORELEASING = YES;
				CLANG_WARN_BOOL_CONVERSION = YES;
				CLANG_WARN_COMMA = YES;
				CLANG_WARN_CONSTANT_CONVERSION = YES;
				CLANG_WARN_DEPRECATED_OBJC_IMPLEMENTATIONS = YES;
				CLANG_WARN_DIRECT_OBJC_ISA_USAGE = YES_ERROR;
				CLANG_WARN_DOCUMENTATION_COMMENTS = YES;
				CLANG_WARN_EMPTY_BODY = YES;
				CLANG_WARN_ENUM_CONVERSION = YES;
				CLANG_WARN_INFINITE_RECURSION = YES;
				CLANG_WARN_INT_CONVERSION = YES;
				CLANG_WARN_NON_LITERAL_NULL_CONVERSION = YES;
				CLANG_WARN_OBJC_IMPLICIT_RETAIN_SELF = YES;
				CLANG_WARN_OBJC_LITERAL_CONVERSION = YES;
				CLANG_WARN_OBJC_ROOT_CLASS = YES_ERROR;
				CLANG_WARN_QUOTED_INCLUDE_IN_FRAMEWORK_HEADER = YES;
				CLANG_WARN_RANGE_LOOP_ANALYSIS = YES;
				CLANG_WARN_STRICT_PROTOTYPES = YES;
				CLANG_WARN_SUSPICIOUS_MOVE = YES;
				CLANG_WARN_UNGUARDED_AVAILABILITY = YES_AGGRESSIVE;
				CLANG_WARN_UNREACHABLE_CODE = YES;
				CLANG_WARN__DUPLICATE_METHOD_MATCH = YES;
				COPY_PHASE_STRIP = NO;
				DEBUG_INFORMATION_FORMAT = "dwarf-with-dsym";
				ENABLE_NS_ASSERTIONS = NO;
				ENABLE_STRICT_OBJC_MSGSEND = YES;
				GCC_C_LANGUAGE_STANDARD = gnu11;
				GCC_NO_COMMON_BLOCKS = YES;
				GCC_WARN_64_TO_32_BIT_CONVERSION = YES;
				GCC_WARN_ABOUT_RETURN_TYPE = YES_ERROR;
				GCC_WARN_UNDECLARED_SELECTOR = YES;
				GCC_WARN_UNINITIALIZED_AUTOS = YES_AGGRESSIVE;
				GCC_WARN_UNUSED_FUNCTION = YES;
				GCC_WARN_UNUSED_VARIABLE = YES;
				IPHONEOS_DEPLOYMENT_TARGET = 16.0;
				MTL_ENABLE_DEBUG_INFO = NO;
				MTL_FAST_MATH = YES;
				SDKROOT = iphoneos;
				SWIFT_COMPILATION_MODE = wholemodule;
				SWIFT_OPTIMIZATION_LEVEL = "-O";
				VALIDATE_PRODUCT = YES;
			};
			name = Release;
		};
		B495E54028DAC1C900D370BB /* Debug */ = {
			isa = XCBuildConfiguration;
			buildSettings = {
				ASSETCATALOG_COMPILER_APPICON_NAME = AppIcon;
				ASSETCATALOG_COMPILER_GLOBAL_ACCENT_COLOR_NAME = AccentColor;
				CODE_SIGN_STYLE = Automatic;
				CURRENT_PROJECT_VERSION = 1;
				DEVELOPMENT_ASSET_PATHS = "\"CoreLocationSwiftUITutorial/Preview Content\"";
				DEVELOPMENT_TEAM = 6R7D5U33PL;
				ENABLE_PREVIEWS = YES;
				GENERATE_INFOPLIST_FILE = YES;
				INFOPLIST_FILE = CoreLocationSwiftUITutorial/Info.plist;
				INFOPLIST_KEY_NSLocationWhenInUseUsageDescription = "App needs to access your location data to tell you your location";
				INFOPLIST_KEY_UIApplicationSceneManifest_Generation = YES;
				INFOPLIST_KEY_UIApplicationSupportsIndirectInputEvents = YES;
				INFOPLIST_KEY_UILaunchScreen_Generation = YES;
				INFOPLIST_KEY_UISupportedInterfaceOrientations_iPad = "UIInterfaceOrientationPortrait UIInterfaceOrientationPortraitUpsideDown UIInterfaceOrientationLandscapeLeft UIInterfaceOrientationLandscapeRight";
				INFOPLIST_KEY_UISupportedInterfaceOrientations_iPhone = "UIInterfaceOrientationPortrait UIInterfaceOrientationLandscapeLeft UIInterfaceOrientationLandscapeRight";
				LD_RUNPATH_SEARCH_PATHS = (
					"$(inherited)",
					"@executable_path/Frameworks",
				);
				MARKETING_VERSION = 1.0;
				PRODUCT_BUNDLE_IDENTIFIER = com.dictionAR.CoreLocationSwiftUITutorial;
				PRODUCT_NAME = "$(TARGET_NAME)";
				SWIFT_EMIT_LOC_STRINGS = YES;
				SWIFT_VERSION = 5.0;
				TARGETED_DEVICE_FAMILY = "1,2";
			};
			name = Debug;
		};
		B495E54128DAC1C900D370BB /* Release */ = {
			isa = XCBuildConfiguration;
			buildSettings = {
				ASSETCATALOG_COMPILER_APPICON_NAME = AppIcon;
				ASSETCATALOG_COMPILER_GLOBAL_ACCENT_COLOR_NAME = AccentColor;
				CODE_SIGN_STYLE = Automatic;
				CURRENT_PROJECT_VERSION = 1;
				DEVELOPMENT_ASSET_PATHS = "\"CoreLocationSwiftUITutorial/Preview Content\"";
				DEVELOPMENT_TEAM = 6R7D5U33PL;
				ENABLE_PREVIEWS = YES;
				GENERATE_INFOPLIST_FILE = YES;
				INFOPLIST_FILE = CoreLocationSwiftUITutorial/Info.plist;
				INFOPLIST_KEY_NSLocationWhenInUseUsageDescription = "App needs to access your location data to tell you your location";
				INFOPLIST_KEY_UIApplicationSceneManifest_Generation = YES;
				INFOPLIST_KEY_UIApplicationSupportsIndirectInputEvents = YES;
				INFOPLIST_KEY_UILaunchScreen_Generation = YES;
				INFOPLIST_KEY_UISupportedInterfaceOrientations_iPad = "UIInterfaceOrientationPortrait UIInterfaceOrientationPortraitUpsideDown UIInterfaceOrientationLandscapeLeft UIInterfaceOrientationLandscapeRight";
				INFOPLIST_KEY_UISupportedInterfaceOrientations_iPhone = "UIInterfaceOrientationPortrait UIInterfaceOrientationLandscapeLeft UIInterfaceOrientationLandscapeRight";
				LD_RUNPATH_SEARCH_PATHS = (
					"$(inherited)",
					"@executable_path/Frameworks",
				);
				MARKETING_VERSION = 1.0;
				PRODUCT_BUNDLE_IDENTIFIER = com.dictionAR.CoreLocationSwiftUITutorial;
				PRODUCT_NAME = "$(TARGET_NAME)";
				SWIFT_EMIT_LOC_STRINGS = YES;
				SWIFT_VERSION = 5.0;
				TARGETED_DEVICE_FAMILY = "1,2";
			};
			name = Release;
		};
/* End XCBuildConfiguration section */

/* Begin XCConfigurationList section */
		B495E52C28DAC1C800D370BB /* Build configuration list for PBXProject "CoreLocationSwiftUITutorial" */ = {
			isa = XCConfigurationList;
			buildConfigurations = (
				B495E53D28DAC1C900D370BB /* Debug */,
				B495E53E28DAC1C900D370BB /* Release */,
			);
			defaultConfigurationIsVisible = 0;
			defaultConfigurationName = Release;
		};
		B495E53F28DAC1C900D370BB /* Build configuration list for PBXNativeTarget "CoreLocationSwiftUITutorial" */ = {
			isa = XCConfigurationList;
			buildConfigurations = (
				B495E54028DAC1C900D370BB /* Debug */,
				B495E54128DAC1C900D370BB /* Release */,
			);
			defaultConfigurationIsVisible = 0;
			defaultConfigurationName = Release;
		};
/* End XCConfigurationList section */
	};
	rootObject = B495E52928DAC1C800D370BB /* Project object */;
}
